
Microsoft Visual Studio Solution File, Format Version 12.00
# Visual Studio Version 17
VisualStudioVersion = 17.3.32901.215
MinimumVisualStudioVersion = 10.0.40219.1
Project("{FAE04EC0-301F-11D3-BF4B-00C04F79EFBC}") = "ClassLibraryApp", "ClassLibraryApp\ClassLibraryApp.csproj", "{EBF21DAF-79CE-4BA1-B826-561AAF60238B}"
EndProject
Project("{FAE04EC0-301F-11D3-BF4B-00C04F79EFBC}") = "CustomLibrary", "CustomLibrary\CustomLibrary.csproj", "{1E9D724B-E68B-47C1-9E7F-306D61D0F48E}"
EndProject
Global
	GlobalSection(SolutionConfigurationPlatforms) = preSolution
		Debug|Any CPU = Debug|Any CPU
		Release|Any CPU = Release|Any CPU
	EndGlobalSection
	GlobalSection(ProjectConfigurationPlatforms) = postSolution
		{EBF21DAF-79CE-4BA1-B826-561AAF60238B}.Debug|Any CPU.ActiveCfg = Debug|Any CPU
		{EBF21DAF-79CE-4BA1-B826-561AAF60238B}.Debug|Any CPU.Build.0 = Debug|Any CPU
		{EBF21DAF-79CE-4BA1-B826-561AAF60238B}.Release|Any CPU.ActiveCfg = Release|Any CPU
		{EBF21DAF-79CE-4BA1-B826-561AAF60238B}.Release|Any CPU.Build.0 = Release|Any CPU
		{1E9D724B-E68B-47C1-9E7F-306D61D0F48E}.Debug|Any CPU.ActiveCfg = Debug|Any CPU
		{1E9D724B-E68B-47C1-9E7F-306D61D0F48E}.Debug|Any CPU.Build.0 = Debug|Any CPU
		{1E9D724B-E68B-47C1-9E7F-306D61D0F48E}.Release|Any CPU.ActiveCfg = Release|Any CPU
		{1E9D724B-E68B-47C1-9E7F-306D61D0F48E}.Release|Any CPU.Build.0 = Release|Any CPU
	EndGlobalSection
	GlobalSection(SolutionProperties) = preSolution
		HideSolutionNode = FALSE
	EndGlobalSection
	GlobalSection(ExtensibilityGlobals) = postSolution
		SolutionGuid = {8AC92BF1-3074-46A2-A4D3-D8CFC5E8171A}
	EndGlobalSection
EndGlobal
