
Microsoft Visual Studio Solution File, Format Version 12.00
# Visual Studio Version 17
VisualStudioVersion = 17.3.32901.215
MinimumVisualStudioVersion = 10.0.40219.1
Project("{FAE04EC0-301F-11D3-BF4B-00C04F79EFBC}") = "BB201MVC", "BB201MVC\BB201MVC.csproj", "{D15D587F-348D-4CA8-866C-964B210C320A}"
EndProject
Global
	GlobalSection(SolutionConfigurationPlatforms) = preSolution
		Debug|Any CPU = Debug|Any CPU
		Release|Any CPU = Release|Any CPU
	EndGlobalSection
	GlobalSection(ProjectConfigurationPlatforms) = postSolution
		{D15D587F-348D-4CA8-866C-964B210C320A}.Debug|Any CPU.ActiveCfg = Debug|Any CPU
		{D15D587F-348D-4CA8-866C-964B210C320A}.Debug|Any CPU.Build.0 = Debug|Any CPU
		{D15D587F-348D-4CA8-866C-964B210C320A}.Release|Any CPU.ActiveCfg = Release|Any CPU
		{D15D587F-348D-4CA8-866C-964B210C320A}.Release|Any CPU.Build.0 = Release|Any CPU
	EndGlobalSection
	GlobalSection(SolutionProperties) = preSolution
		HideSolutionNode = FALSE
	EndGlobalSection
	GlobalSection(ExtensibilityGlobals) = postSolution
		SolutionGuid = {F4C9F063-EB35-4709-A1B6-E2248D1504B7}
	EndGlobalSection
EndGlobal
