
Microsoft Visual Studio Solution File, Format Version 12.00
# Visual Studio Version 17
VisualStudioVersion = 17.3.32901.215
MinimumVisualStudioVersion = 10.0.40219.1
Project("{FAE04EC0-301F-11D3-BF4B-00C04F79EFBC}") = "Generics", "Generics\Generics.csproj", "{8BA0716C-7586-48FA-85F7-C5677EE3713E}"
EndProject
Project("{FAE04EC0-301F-11D3-BF4B-00C04F79EFBC}") = "Collections", "Collections\Collections.csproj", "{00E9368A-AC66-432F-A663-954B7CEF3145}"
EndProject
Global
	GlobalSection(SolutionConfigurationPlatforms) = preSolution
		Debug|Any CPU = Debug|Any CPU
		Release|Any CPU = Release|Any CPU
	EndGlobalSection
	GlobalSection(ProjectConfigurationPlatforms) = postSolution
		{8BA0716C-7586-48FA-85F7-C5677EE3713E}.Debug|Any CPU.ActiveCfg = Debug|Any CPU
		{8BA0716C-7586-48FA-85F7-C5677EE3713E}.Debug|Any CPU.Build.0 = Debug|Any CPU
		{8BA0716C-7586-48FA-85F7-C5677EE3713E}.Release|Any CPU.ActiveCfg = Release|Any CPU
		{8BA0716C-7586-48FA-85F7-C5677EE3713E}.Release|Any CPU.Build.0 = Release|Any CPU
		{00E9368A-AC66-432F-A663-954B7CEF3145}.Debug|Any CPU.ActiveCfg = Debug|Any CPU
		{00E9368A-AC66-432F-A663-954B7CEF3145}.Debug|Any CPU.Build.0 = Debug|Any CPU
		{00E9368A-AC66-432F-A663-954B7CEF3145}.Release|Any CPU.ActiveCfg = Release|Any CPU
		{00E9368A-AC66-432F-A663-954B7CEF3145}.Release|Any CPU.Build.0 = Release|Any CPU
	EndGlobalSection
	GlobalSection(SolutionProperties) = preSolution
		HideSolutionNode = FALSE
	EndGlobalSection
	GlobalSection(ExtensibilityGlobals) = postSolution
		SolutionGuid = {4135314D-6EA6-431D-AA1D-941111C1D03D}
	EndGlobalSection
EndGlobal
