
Microsoft Visual Studio Solution File, Format Version 12.00
# Visual Studio Version 17
VisualStudioVersion = 17.3.32901.215
MinimumVisualStudioVersion = 10.0.40219.1
Project("{FAE04EC0-301F-11D3-BF4B-00C04F79EFBC}") = "ConsoleApp1", "ConsoleApp1\ConsoleApp1.csproj", "{F4EDFD2D-B44B-402B-AF41-B572844D35ED}"
EndProject
Global
	GlobalSection(SolutionConfigurationPlatforms) = preSolution
		Debug|Any CPU = Debug|Any CPU
		Release|Any CPU = Release|Any CPU
	EndGlobalSection
	GlobalSection(ProjectConfigurationPlatforms) = postSolution
		{F4EDFD2D-B44B-402B-AF41-B572844D35ED}.Debug|Any CPU.ActiveCfg = Debug|Any CPU
		{F4EDFD2D-B44B-402B-AF41-B572844D35ED}.Debug|Any CPU.Build.0 = Debug|Any CPU
		{F4EDFD2D-B44B-402B-AF41-B572844D35ED}.Release|Any CPU.ActiveCfg = Release|Any CPU
		{F4EDFD2D-B44B-402B-AF41-B572844D35ED}.Release|Any CPU.Build.0 = Release|Any CPU
	EndGlobalSection
	GlobalSection(SolutionProperties) = preSolution
		HideSolutionNode = FALSE
	EndGlobalSection
	GlobalSection(ExtensibilityGlobals) = postSolution
		SolutionGuid = {9597702B-55ED-475E-96DA-4E60F893F771}
	EndGlobalSection
EndGlobal
