
Microsoft Visual Studio Solution File, Format Version 12.00
# Visual Studio Version 17
VisualStudioVersion = 17.3.32901.215
MinimumVisualStudioVersion = 10.0.40219.1
Project("{FAE04EC0-301F-11D3-BF4B-00C04F79EFBC}") = "BP204-Conditions", "BP204-Conditions\BP204-Conditions.csproj", "{AC5D5A92-20CF-4861-8F32-168D62F54E10}"
EndProject
Global
	GlobalSection(SolutionConfigurationPlatforms) = preSolution
		Debug|Any CPU = Debug|Any CPU
		Release|Any CPU = Release|Any CPU
	EndGlobalSection
	GlobalSection(ProjectConfigurationPlatforms) = postSolution
		{AC5D5A92-20CF-4861-8F32-168D62F54E10}.Debug|Any CPU.ActiveCfg = Debug|Any CPU
		{AC5D5A92-20CF-4861-8F32-168D62F54E10}.Debug|Any CPU.Build.0 = Debug|Any CPU
		{AC5D5A92-20CF-4861-8F32-168D62F54E10}.Release|Any CPU.ActiveCfg = Release|Any CPU
		{AC5D5A92-20CF-4861-8F32-168D62F54E10}.Release|Any CPU.Build.0 = Release|Any CPU
	EndGlobalSection
	GlobalSection(SolutionProperties) = preSolution
		HideSolutionNode = FALSE
	EndGlobalSection
	GlobalSection(ExtensibilityGlobals) = postSolution
		SolutionGuid = {502276F5-F8E8-4349-A428-BA4E22171FD2}
	EndGlobalSection
EndGlobal
