
Microsoft Visual Studio Solution File, Format Version 12.00
# Visual Studio Version 17
VisualStudioVersion = 17.3.32901.215
MinimumVisualStudioVersion = 10.0.40219.1
Project("{FAE04EC0-301F-11D3-BF4B-00C04F79EFBC}") = "29122022", "29122022\29122022.csproj", "{7FAD0194-9877-4893-960B-D3788DA2440D}"
EndProject
Global
	GlobalSection(SolutionConfigurationPlatforms) = preSolution
		Debug|Any CPU = Debug|Any CPU
		Release|Any CPU = Release|Any CPU
	EndGlobalSection
	GlobalSection(ProjectConfigurationPlatforms) = postSolution
		{7FAD0194-9877-4893-960B-D3788DA2440D}.Debug|Any CPU.ActiveCfg = Debug|Any CPU
		{7FAD0194-9877-4893-960B-D3788DA2440D}.Debug|Any CPU.Build.0 = Debug|Any CPU
		{7FAD0194-9877-4893-960B-D3788DA2440D}.Release|Any CPU.ActiveCfg = Release|Any CPU
		{7FAD0194-9877-4893-960B-D3788DA2440D}.Release|Any CPU.Build.0 = Release|Any CPU
	EndGlobalSection
	GlobalSection(SolutionProperties) = preSolution
		HideSolutionNode = FALSE
	EndGlobalSection
	GlobalSection(ExtensibilityGlobals) = postSolution
		SolutionGuid = {34403552-22DD-42CB-9D94-CEDB3880AE82}
	EndGlobalSection
EndGlobal
