
Microsoft Visual Studio Solution File, Format Version 12.00
# Visual Studio Version 17
VisualStudioVersion = 17.3.32901.215
MinimumVisualStudioVersion = 10.0.40219.1
Project("{FAE04EC0-301F-11D3-BF4B-00C04F79EFBC}") = "AdoNetTest", "AdoNetTest\AdoNetTest.csproj", "{ACDA390D-DF04-4BB6-AD27-9551F079E979}"
EndProject
Global
	GlobalSection(SolutionConfigurationPlatforms) = preSolution
		Debug|Any CPU = Debug|Any CPU
		Release|Any CPU = Release|Any CPU
	EndGlobalSection
	GlobalSection(ProjectConfigurationPlatforms) = postSolution
		{ACDA390D-DF04-4BB6-AD27-9551F079E979}.Debug|Any CPU.ActiveCfg = Debug|Any CPU
		{ACDA390D-DF04-4BB6-AD27-9551F079E979}.Debug|Any CPU.Build.0 = Debug|Any CPU
		{ACDA390D-DF04-4BB6-AD27-9551F079E979}.Release|Any CPU.ActiveCfg = Release|Any CPU
		{ACDA390D-DF04-4BB6-AD27-9551F079E979}.Release|Any CPU.Build.0 = Release|Any CPU
	EndGlobalSection
	GlobalSection(SolutionProperties) = preSolution
		HideSolutionNode = FALSE
	EndGlobalSection
	GlobalSection(ExtensibilityGlobals) = postSolution
		SolutionGuid = {7AE87B3E-4F8C-4B4A-903B-CF28160E9208}
	EndGlobalSection
EndGlobal
